
Microsoft Visual Studio Solution File, Format Version 12.00
# Visual Studio 15
VisualStudioVersion = 15.0.27130.2010
MinimumVisualStudioVersion = 10.0.40219.1
Project("{FAE04EC0-301F-11D3-BF4B-00C04F79EFBC}") = "Difference Between Dates", "Difference Between Dates\Difference Between Dates.csproj", "{CED28E65-6234-4892-BEEA-EF151AE06C66}"
EndProject
Global
	GlobalSection(SolutionConfigurationPlatforms) = preSolution
		Debug|Any CPU = Debug|Any CPU
		Release|Any CPU = Release|Any CPU
	EndGlobalSection
	GlobalSection(ProjectConfigurationPlatforms) = postSolution
		{CED28E65-6234-4892-BEEA-EF151AE06C66}.Debug|Any CPU.ActiveCfg = Debug|Any CPU
		{CED28E65-6234-4892-BEEA-EF151AE06C66}.Debug|Any CPU.Build.0 = Debug|Any CPU
		{CED28E65-6234-4892-BEEA-EF151AE06C66}.Release|Any CPU.ActiveCfg = Release|Any CPU
		{CED28E65-6234-4892-BEEA-EF151AE06C66}.Release|Any CPU.Build.0 = Release|Any CPU
	EndGlobalSection
	GlobalSection(SolutionProperties) = preSolution
		HideSolutionNode = FALSE
	EndGlobalSection
	GlobalSection(ExtensibilityGlobals) = postSolution
		SolutionGuid = {C998F712-8954-441A-827A-A98F7A94A8EC}
	EndGlobalSection
EndGlobal
